
Microsoft Visual Studio Solution File, Format Version 12.00
# Visual Studio Version 17
Project("{2150E333-8FDC-42A3-9474-1A3956D46DE8}") = "CMakePredefinedTargets", "CMakePredefinedTargets", "{04390C82-2663-3743-8524-ADD6787A44C4}"
EndProject
Project("{2150E333-8FDC-42A3-9474-1A3956D46DE8}") = "GLFW3", "GLFW3", "{54015FCD-CB83-31CC-8E2C-E7017B7C84CE}"
EndProject
Project("{8BC9CEB8-8B4A-11D0-8D11-00A0C91BC942}") = "ALL_BUILD", "ALL_BUILD.vcxproj", "{6D83DE98-29C7-347E-A685-EB990838129B}"
	ProjectSection(ProjectDependencies) = postProject
		{C392EF3B-98B9-393F-8E78-CCD4742C86D3} = {C392EF3B-98B9-393F-8E78-CCD4742C86D3}
		{73F1EA29-12C1-33F3-AD91-D0DF3DD1986B} = {73F1EA29-12C1-33F3-AD91-D0DF3DD1986B}
		{073A439B-06FF-3C04-B836-4E74101A4B93} = {073A439B-06FF-3C04-B836-4E74101A4B93}
		{4F8B6847-CB32-39F4-A3BA-864D4D5665D1} = {4F8B6847-CB32-39F4-A3BA-864D4D5665D1}
	EndProjectSection
EndProject
Project("{8BC9CEB8-8B4A-11D0-8D11-00A0C91BC942}") = "INSTALL", "INSTALL.vcxproj", "{4C16CA91-3683-3F2C-B613-A6BEA327BA55}"
	ProjectSection(ProjectDependencies) = postProject
		{6D83DE98-29C7-347E-A685-EB990838129B} = {6D83DE98-29C7-347E-A685-EB990838129B}
		{073A439B-06FF-3C04-B836-4E74101A4B93} = {073A439B-06FF-3C04-B836-4E74101A4B93}
	EndProjectSection
EndProject
Project("{8BC9CEB8-8B4A-11D0-8D11-00A0C91BC942}") = "MinkowskiMetric", "MinkowskiMetric.vcxproj", "{C392EF3B-98B9-393F-8E78-CCD4742C86D3}"
	ProjectSection(ProjectDependencies) = postProject
		{073A439B-06FF-3C04-B836-4E74101A4B93} = {073A439B-06FF-3C04-B836-4E74101A4B93}
	EndProjectSection
EndProject
Project("{8BC9CEB8-8B4A-11D0-8D11-00A0C91BC942}") = "Sirius", "Sirius.vcxproj", "{73F1EA29-12C1-33F3-AD91-D0DF3DD1986B}"
	ProjectSection(ProjectDependencies) = postProject
		{073A439B-06FF-3C04-B836-4E74101A4B93} = {073A439B-06FF-3C04-B836-4E74101A4B93}
		{4F8B6847-CB32-39F4-A3BA-864D4D5665D1} = {4F8B6847-CB32-39F4-A3BA-864D4D5665D1}
	EndProjectSection
EndProject
Project("{8BC9CEB8-8B4A-11D0-8D11-00A0C91BC942}") = "ZERO_CHECK", "ZERO_CHECK.vcxproj", "{073A439B-06FF-3C04-B836-4E74101A4B93}"
	ProjectSection(ProjectDependencies) = postProject
	EndProjectSection
EndProject
Project("{8BC9CEB8-8B4A-11D0-8D11-00A0C91BC942}") = "glfw", "deps\glfw\src\glfw.vcxproj", "{4F8B6847-CB32-39F4-A3BA-864D4D5665D1}"
	ProjectSection(ProjectDependencies) = postProject
		{073A439B-06FF-3C04-B836-4E74101A4B93} = {073A439B-06FF-3C04-B836-4E74101A4B93}
	EndProjectSection
EndProject
Project("{8BC9CEB8-8B4A-11D0-8D11-00A0C91BC942}") = "uninstall", "deps\glfw\uninstall.vcxproj", "{1FC35763-697E-3974-B238-10346A9F5A39}"
	ProjectSection(ProjectDependencies) = postProject
		{073A439B-06FF-3C04-B836-4E74101A4B93} = {073A439B-06FF-3C04-B836-4E74101A4B93}
	EndProjectSection
EndProject
Project("{8BC9CEB8-8B4A-11D0-8D11-00A0C91BC942}") = "update_mappings", "deps\glfw\src\update_mappings.vcxproj", "{964F3064-74E5-3495-87B2-2CDC2B4951E3}"
	ProjectSection(ProjectDependencies) = postProject
		{073A439B-06FF-3C04-B836-4E74101A4B93} = {073A439B-06FF-3C04-B836-4E74101A4B93}
	EndProjectSection
EndProject
Global
	GlobalSection(SolutionConfigurationPlatforms) = preSolution
		Debug|x64 = Debug|x64
		Release|x64 = Release|x64
		MinSizeRel|x64 = MinSizeRel|x64
		RelWithDebInfo|x64 = RelWithDebInfo|x64
	EndGlobalSection
	GlobalSection(ProjectConfigurationPlatforms) = postSolution
		{6D83DE98-29C7-347E-A685-EB990838129B}.Debug|x64.ActiveCfg = Debug|x64
		{6D83DE98-29C7-347E-A685-EB990838129B}.Debug|x64.Build.0 = Debug|x64
		{6D83DE98-29C7-347E-A685-EB990838129B}.Release|x64.ActiveCfg = Release|x64
		{6D83DE98-29C7-347E-A685-EB990838129B}.Release|x64.Build.0 = Release|x64
		{6D83DE98-29C7-347E-A685-EB990838129B}.MinSizeRel|x64.ActiveCfg = MinSizeRel|x64
		{6D83DE98-29C7-347E-A685-EB990838129B}.MinSizeRel|x64.Build.0 = MinSizeRel|x64
		{6D83DE98-29C7-347E-A685-EB990838129B}.RelWithDebInfo|x64.ActiveCfg = RelWithDebInfo|x64
		{6D83DE98-29C7-347E-A685-EB990838129B}.RelWithDebInfo|x64.Build.0 = RelWithDebInfo|x64
		{4C16CA91-3683-3F2C-B613-A6BEA327BA55}.Debug|x64.ActiveCfg = Debug|x64
		{4C16CA91-3683-3F2C-B613-A6BEA327BA55}.Release|x64.ActiveCfg = Release|x64
		{4C16CA91-3683-3F2C-B613-A6BEA327BA55}.MinSizeRel|x64.ActiveCfg = MinSizeRel|x64
		{4C16CA91-3683-3F2C-B613-A6BEA327BA55}.RelWithDebInfo|x64.ActiveCfg = RelWithDebInfo|x64
		{C392EF3B-98B9-393F-8E78-CCD4742C86D3}.Debug|x64.ActiveCfg = Debug|x64
		{C392EF3B-98B9-393F-8E78-CCD4742C86D3}.Debug|x64.Build.0 = Debug|x64
		{C392EF3B-98B9-393F-8E78-CCD4742C86D3}.Release|x64.ActiveCfg = Release|x64
		{C392EF3B-98B9-393F-8E78-CCD4742C86D3}.Release|x64.Build.0 = Release|x64
		{C392EF3B-98B9-393F-8E78-CCD4742C86D3}.MinSizeRel|x64.ActiveCfg = MinSizeRel|x64
		{C392EF3B-98B9-393F-8E78-CCD4742C86D3}.MinSizeRel|x64.Build.0 = MinSizeRel|x64
		{C392EF3B-98B9-393F-8E78-CCD4742C86D3}.RelWithDebInfo|x64.ActiveCfg = RelWithDebInfo|x64
		{C392EF3B-98B9-393F-8E78-CCD4742C86D3}.RelWithDebInfo|x64.Build.0 = RelWithDebInfo|x64
		{73F1EA29-12C1-33F3-AD91-D0DF3DD1986B}.Debug|x64.ActiveCfg = Debug|x64
		{73F1EA29-12C1-33F3-AD91-D0DF3DD1986B}.Debug|x64.Build.0 = Debug|x64
		{73F1EA29-12C1-33F3-AD91-D0DF3DD1986B}.Release|x64.ActiveCfg = Release|x64
		{73F1EA29-12C1-33F3-AD91-D0DF3DD1986B}.Release|x64.Build.0 = Release|x64
		{73F1EA29-12C1-33F3-AD91-D0DF3DD1986B}.MinSizeRel|x64.ActiveCfg = MinSizeRel|x64
		{73F1EA29-12C1-33F3-AD91-D0DF3DD1986B}.MinSizeRel|x64.Build.0 = MinSizeRel|x64
		{73F1EA29-12C1-33F3-AD91-D0DF3DD1986B}.RelWithDebInfo|x64.ActiveCfg = RelWithDebInfo|x64
		{73F1EA29-12C1-33F3-AD91-D0DF3DD1986B}.RelWithDebInfo|x64.Build.0 = RelWithDebInfo|x64
		{073A439B-06FF-3C04-B836-4E74101A4B93}.Debug|x64.ActiveCfg = Debug|x64
		{073A439B-06FF-3C04-B836-4E74101A4B93}.Debug|x64.Build.0 = Debug|x64
		{073A439B-06FF-3C04-B836-4E74101A4B93}.Release|x64.ActiveCfg = Release|x64
		{073A439B-06FF-3C04-B836-4E74101A4B93}.Release|x64.Build.0 = Release|x64
		{073A439B-06FF-3C04-B836-4E74101A4B93}.MinSizeRel|x64.ActiveCfg = MinSizeRel|x64
		{073A439B-06FF-3C04-B836-4E74101A4B93}.MinSizeRel|x64.Build.0 = MinSizeRel|x64
		{073A439B-06FF-3C04-B836-4E74101A4B93}.RelWithDebInfo|x64.ActiveCfg = RelWithDebInfo|x64
		{073A439B-06FF-3C04-B836-4E74101A4B93}.RelWithDebInfo|x64.Build.0 = RelWithDebInfo|x64
		{4F8B6847-CB32-39F4-A3BA-864D4D5665D1}.Debug|x64.ActiveCfg = Debug|x64
		{4F8B6847-CB32-39F4-A3BA-864D4D5665D1}.Debug|x64.Build.0 = Debug|x64
		{4F8B6847-CB32-39F4-A3BA-864D4D5665D1}.Release|x64.ActiveCfg = Release|x64
		{4F8B6847-CB32-39F4-A3BA-864D4D5665D1}.Release|x64.Build.0 = Release|x64
		{4F8B6847-CB32-39F4-A3BA-864D4D5665D1}.MinSizeRel|x64.ActiveCfg = MinSizeRel|x64
		{4F8B6847-CB32-39F4-A3BA-864D4D5665D1}.MinSizeRel|x64.Build.0 = MinSizeRel|x64
		{4F8B6847-CB32-39F4-A3BA-864D4D5665D1}.RelWithDebInfo|x64.ActiveCfg = RelWithDebInfo|x64
		{4F8B6847-CB32-39F4-A3BA-864D4D5665D1}.RelWithDebInfo|x64.Build.0 = RelWithDebInfo|x64
		{1FC35763-697E-3974-B238-10346A9F5A39}.Debug|x64.ActiveCfg = Debug|x64
		{1FC35763-697E-3974-B238-10346A9F5A39}.Release|x64.ActiveCfg = Release|x64
		{1FC35763-697E-3974-B238-10346A9F5A39}.MinSizeRel|x64.ActiveCfg = MinSizeRel|x64
		{1FC35763-697E-3974-B238-10346A9F5A39}.RelWithDebInfo|x64.ActiveCfg = RelWithDebInfo|x64
		{964F3064-74E5-3495-87B2-2CDC2B4951E3}.Debug|x64.ActiveCfg = Debug|x64
		{964F3064-74E5-3495-87B2-2CDC2B4951E3}.Release|x64.ActiveCfg = Release|x64
		{964F3064-74E5-3495-87B2-2CDC2B4951E3}.MinSizeRel|x64.ActiveCfg = MinSizeRel|x64
		{964F3064-74E5-3495-87B2-2CDC2B4951E3}.RelWithDebInfo|x64.ActiveCfg = RelWithDebInfo|x64
	EndGlobalSection
	GlobalSection(NestedProjects) = preSolution
		{6D83DE98-29C7-347E-A685-EB990838129B} = {04390C82-2663-3743-8524-ADD6787A44C4}
		{4C16CA91-3683-3F2C-B613-A6BEA327BA55} = {04390C82-2663-3743-8524-ADD6787A44C4}
		{073A439B-06FF-3C04-B836-4E74101A4B93} = {04390C82-2663-3743-8524-ADD6787A44C4}
		{4F8B6847-CB32-39F4-A3BA-864D4D5665D1} = {54015FCD-CB83-31CC-8E2C-E7017B7C84CE}
		{1FC35763-697E-3974-B238-10346A9F5A39} = {54015FCD-CB83-31CC-8E2C-E7017B7C84CE}
		{964F3064-74E5-3495-87B2-2CDC2B4951E3} = {54015FCD-CB83-31CC-8E2C-E7017B7C84CE}
	EndGlobalSection
	GlobalSection(ExtensibilityGlobals) = postSolution
		SolutionGuid = {5400D1F3-AD68-3E4F-8D95-9C11E125F9F4}
	EndGlobalSection
	GlobalSection(ExtensibilityAddIns) = postSolution
	EndGlobalSection
EndGlobal
