<?xml version="1.0" encoding="utf-8"?>
<Project ToolsVersion="17.0" xmlns="http://schemas.microsoft.com/developer/msbuild/2003">
  <ItemGroup>
    <ClCompile Include="\\wsl.localhost\Ubuntu\home\send2\.projects\Sirius\src\main.cpp">
      <Filter>Source Files</Filter>
    </ClCompile>
    <ClCompile Include="\\wsl.localhost\Ubuntu\home\send2\.projects\Sirius\src\Core\Application.cpp">
      <Filter>Source Files</Filter>
    </ClCompile>
    <ClCompile Include="\\wsl.localhost\Ubuntu\home\send2\.projects\Sirius\src\Core\Window.cpp">
      <Filter>Source Files</Filter>
    </ClCompile>
    <ClCompile Include="\\wsl.localhost\Ubuntu\home\send2\.projects\Sirius\src\Core\PluginManager.cpp">
      <Filter>Source Files</Filter>
    </ClCompile>
    <ClCompile Include="\\wsl.localhost\Ubuntu\home\send2\.projects\Sirius\src\Graphics\Renderer.cpp">
      <Filter>Source Files</Filter>
    </ClCompile>
    <ClCompile Include="\\wsl.localhost\Ubuntu\home\send2\.projects\Sirius\src\UI\UIManager.cpp">
      <Filter>Source Files</Filter>
    </ClCompile>
    <ClCompile Include="\\wsl.localhost\Ubuntu\home\send2\.projects\Sirius\deps\glad\src\glad.c">
      <Filter>Source Files</Filter>
    </ClCompile>
    <ClCompile Include="\\wsl.localhost\Ubuntu\home\send2\.projects\Sirius\deps\imgui\imgui.cpp">
      <Filter>Source Files</Filter>
    </ClCompile>
    <ClCompile Include="\\wsl.localhost\Ubuntu\home\send2\.projects\Sirius\deps\imgui\imgui_draw.cpp">
      <Filter>Source Files</Filter>
    </ClCompile>
    <ClCompile Include="\\wsl.localhost\Ubuntu\home\send2\.projects\Sirius\deps\imgui\imgui_tables.cpp">
      <Filter>Source Files</Filter>
    </ClCompile>
    <ClCompile Include="\\wsl.localhost\Ubuntu\home\send2\.projects\Sirius\deps\imgui\imgui_widgets.cpp">
      <Filter>Source Files</Filter>
    </ClCompile>
    <ClCompile Include="\\wsl.localhost\Ubuntu\home\send2\.projects\Sirius\deps\imgui\imgui_demo.cpp">
      <Filter>Source Files</Filter>
    </ClCompile>
    <ClCompile Include="\\wsl.localhost\Ubuntu\home\send2\.projects\Sirius\deps\imgui\backends\imgui_impl_glfw.cpp">
      <Filter>Source Files</Filter>
    </ClCompile>
    <ClCompile Include="\\wsl.localhost\Ubuntu\home\send2\.projects\Sirius\deps\imgui\backends\imgui_impl_opengl3.cpp">
      <Filter>Source Files</Filter>
    </ClCompile>
  </ItemGroup>
  <ItemGroup>
    <CustomBuild Include="\\wsl.localhost\Ubuntu\home\send2\.projects\Sirius\CMakeLists.txt" />
  </ItemGroup>
  <ItemGroup>
    <Filter Include="Source Files">
      <UniqueIdentifier>{B4C0749F-2F9B-364C-A292-02AD882EB498}</UniqueIdentifier>
    </Filter>
  </ItemGroup>
</Project>
